
Microsoft Visual Studio Solution File, Format Version 12.00
# Visual Studio Version 16
VisualStudioVersion = 16.0.29728.190
MinimumVisualStudioVersion = 10.0.40219.1
Project("{9A19103F-16F7-4668-BE54-9A1E7A4F7556}") = "Emphasis.ScreenCapture", "Emphasis.ScreenCapture\Emphasis.ScreenCapture.csproj", "{58D8F62A-AB3D-460D-B30F-F732B251A8FD}"
EndProject
Project("{9A19103F-16F7-4668-BE54-9A1E7A4F7556}") = "Emphasis.ScreenCapture.Tests", "Emphasis.ScreenCapture.Tests\Emphasis.ScreenCapture.Tests.csproj", "{41C31144-25CC-4CCD-B755-7DC9A2F97598}"
EndProject
Project("{9A19103F-16F7-4668-BE54-9A1E7A4F7556}") = "Emphasis.ScreenCapture.OpenCL", "Emphasis.ScreenCapture.OpenCL\Emphasis.ScreenCapture.OpenCL.csproj", "{17C5CCF0-B385-4613-B84A-8443CF2C2E15}"
EndProject
Project("{9A19103F-16F7-4668-BE54-9A1E7A4F7556}") = "Emphasis.OpenCL", "Emphasis.OpenCL\Emphasis.OpenCL.csproj", "{06D0CBC7-CBC3-4631-B1E5-E21171103C03}"
EndProject
Project("{9A19103F-16F7-4668-BE54-9A1E7A4F7556}") = "Emphasis.TextDetection", "Emphasis.TextDetection\Emphasis.TextDetection.csproj", "{DCD034C8-71EE-47E1-95FF-768D0CE01AF7}"
EndProject
Project("{9A19103F-16F7-4668-BE54-9A1E7A4F7556}") = "Emphasis.ComputerVision", "Emphasis.ComputerVision\Emphasis.ComputerVision.csproj", "{6280F841-FA98-4D0D-97E3-37F35F08EFBC}"
EndProject
Project("{9A19103F-16F7-4668-BE54-9A1E7A4F7556}") = "Emphasis.ComputerVision.Tests", "Emphasis.ComputerVision.Tests\Emphasis.ComputerVision.Tests.csproj", "{9890FAF9-804D-4F5F-A2E2-8C4DDA279D7A}"
EndProject
Project("{9A19103F-16F7-4668-BE54-9A1E7A4F7556}") = "Emphasis.Pipelines", "Emphasis.Pipelines\Emphasis.Pipelines.csproj", "{86DA2D5E-6730-4734-AC57-11D2E9426574}"
EndProject
Global
	GlobalSection(SolutionConfigurationPlatforms) = preSolution
		Debug|Any CPU = Debug|Any CPU
		Release|Any CPU = Release|Any CPU
	EndGlobalSection
	GlobalSection(ProjectConfigurationPlatforms) = postSolution
		{58D8F62A-AB3D-460D-B30F-F732B251A8FD}.Debug|Any CPU.ActiveCfg = Debug|Any CPU
		{58D8F62A-AB3D-460D-B30F-F732B251A8FD}.Debug|Any CPU.Build.0 = Debug|Any CPU
		{58D8F62A-AB3D-460D-B30F-F732B251A8FD}.Release|Any CPU.ActiveCfg = Release|Any CPU
		{58D8F62A-AB3D-460D-B30F-F732B251A8FD}.Release|Any CPU.Build.0 = Release|Any CPU
		{41C31144-25CC-4CCD-B755-7DC9A2F97598}.Debug|Any CPU.ActiveCfg = Debug|Any CPU
		{41C31144-25CC-4CCD-B755-7DC9A2F97598}.Debug|Any CPU.Build.0 = Debug|Any CPU
		{41C31144-25CC-4CCD-B755-7DC9A2F97598}.Release|Any CPU.ActiveCfg = Release|Any CPU
		{41C31144-25CC-4CCD-B755-7DC9A2F97598}.Release|Any CPU.Build.0 = Release|Any CPU
		{17C5CCF0-B385-4613-B84A-8443CF2C2E15}.Debug|Any CPU.ActiveCfg = Debug|Any CPU
		{17C5CCF0-B385-4613-B84A-8443CF2C2E15}.Debug|Any CPU.Build.0 = Debug|Any CPU
		{17C5CCF0-B385-4613-B84A-8443CF2C2E15}.Release|Any CPU.ActiveCfg = Release|Any CPU
		{17C5CCF0-B385-4613-B84A-8443CF2C2E15}.Release|Any CPU.Build.0 = Release|Any CPU
		{06D0CBC7-CBC3-4631-B1E5-E21171103C03}.Debug|Any CPU.ActiveCfg = Debug|Any CPU
		{06D0CBC7-CBC3-4631-B1E5-E21171103C03}.Debug|Any CPU.Build.0 = Debug|Any CPU
		{06D0CBC7-CBC3-4631-B1E5-E21171103C03}.Release|Any CPU.ActiveCfg = Release|Any CPU
		{06D0CBC7-CBC3-4631-B1E5-E21171103C03}.Release|Any CPU.Build.0 = Release|Any CPU
		{DCD034C8-71EE-47E1-95FF-768D0CE01AF7}.Debug|Any CPU.ActiveCfg = Debug|Any CPU
		{DCD034C8-71EE-47E1-95FF-768D0CE01AF7}.Debug|Any CPU.Build.0 = Debug|Any CPU
		{DCD034C8-71EE-47E1-95FF-768D0CE01AF7}.Release|Any CPU.ActiveCfg = Release|Any CPU
		{DCD034C8-71EE-47E1-95FF-768D0CE01AF7}.Release|Any CPU.Build.0 = Release|Any CPU
		{6280F841-FA98-4D0D-97E3-37F35F08EFBC}.Debug|Any CPU.ActiveCfg = Debug|Any CPU
		{6280F841-FA98-4D0D-97E3-37F35F08EFBC}.Debug|Any CPU.Build.0 = Debug|Any CPU
		{6280F841-FA98-4D0D-97E3-37F35F08EFBC}.Release|Any CPU.ActiveCfg = Release|Any CPU
		{6280F841-FA98-4D0D-97E3-37F35F08EFBC}.Release|Any CPU.Build.0 = Release|Any CPU
		{9890FAF9-804D-4F5F-A2E2-8C4DDA279D7A}.Debug|Any CPU.ActiveCfg = Debug|Any CPU
		{9890FAF9-804D-4F5F-A2E2-8C4DDA279D7A}.Debug|Any CPU.Build.0 = Debug|Any CPU
		{9890FAF9-804D-4F5F-A2E2-8C4DDA279D7A}.Release|Any CPU.ActiveCfg = Release|Any CPU
		{9890FAF9-804D-4F5F-A2E2-8C4DDA279D7A}.Release|Any CPU.Build.0 = Release|Any CPU
		{86DA2D5E-6730-4734-AC57-11D2E9426574}.Debug|Any CPU.ActiveCfg = Debug|Any CPU
		{86DA2D5E-6730-4734-AC57-11D2E9426574}.Debug|Any CPU.Build.0 = Debug|Any CPU
		{86DA2D5E-6730-4734-AC57-11D2E9426574}.Release|Any CPU.ActiveCfg = Release|Any CPU
		{86DA2D5E-6730-4734-AC57-11D2E9426574}.Release|Any CPU.Build.0 = Release|Any CPU
	EndGlobalSection
	GlobalSection(SolutionProperties) = preSolution
		HideSolutionNode = FALSE
	EndGlobalSection
	GlobalSection(ExtensibilityGlobals) = postSolution
		SolutionGuid = {403BF554-2884-4050-996C-144B9DE4143F}
	EndGlobalSection
EndGlobal
