
Microsoft Visual Studio Solution File, Format Version 12.00
# Visual Studio Version 16
VisualStudioVersion = 16.0.29728.190
MinimumVisualStudioVersion = 10.0.40219.1
Project("{9A19103F-16F7-4668-BE54-9A1E7A4F7556}") = "Emphasis.ScreenCapture", "Emphasis.ScreenCapture\Emphasis.ScreenCapture.csproj", "{58D8F62A-AB3D-460D-B30F-F732B251A8FD}"
EndProject
Project("{9A19103F-16F7-4668-BE54-9A1E7A4F7556}") = "Emphasis.ScreenCapture.Tests", "Emphasis.ScreenCapture.Tests\Emphasis.ScreenCapture.Tests.csproj", "{41C31144-25CC-4CCD-B755-7DC9A2F97598}"
EndProject
Project("{9A19103F-16F7-4668-BE54-9A1E7A4F7556}") = "Emphasis.ScreenCapture.Common", "Emphasis.ScreenCapture.Common\Emphasis.ScreenCapture.Common.csproj", "{ABD6498A-FF74-4B05-9315-C24A8980F567}"
EndProject
Project("{2150E333-8FDC-42A3-9474-1A3956D46DE8}") = "Tests", "Tests", "{7E494C55-973D-4E95-BD9E-BCC6D0E79D89}"
EndProject
Project("{9A19103F-16F7-4668-BE54-9A1E7A4F7556}") = "Emphasis.ScreenCapture.Runtime.Windows.DXGI", "Emphasis.ScreenCapture.Runtime.Windows.DXGI\Emphasis.ScreenCapture.Runtime.Windows.DXGI.csproj", "{C90ACA41-8EDE-40C7-81F6-FDB298ABF4DC}"
EndProject
Project("{9A19103F-16F7-4668-BE54-9A1E7A4F7556}") = "Emphasis.ScreenCapture.Bitmap", "Emphasis.ScreenCapture.Bitmap\Emphasis.ScreenCapture.Bitmap.csproj", "{F40DADE0-7B50-494F-9D5C-CB5A653B3232}"
EndProject
Project("{9A19103F-16F7-4668-BE54-9A1E7A4F7556}") = "Emphasis.ScreenCapture.Runtime.Windows.DXGI.Bitmap", "Emphasis.ScreenCapture.Runtime.Windows.DXGI.Bitmap\Emphasis.ScreenCapture.Runtime.Windows.DXGI.Bitmap.csproj", "{376515A9-FCA7-460B-9E22-1B05AFF74434}"
EndProject
Project("{9A19103F-16F7-4668-BE54-9A1E7A4F7556}") = "Emphasis.ScreenCapture.OpenCL", "Emphasis.ScreenCapture.OpenCL\Emphasis.ScreenCapture.OpenCL.csproj", "{B81220C8-EF98-440F-A72D-A5193F5670B8}"
EndProject
Project("{9A19103F-16F7-4668-BE54-9A1E7A4F7556}") = "Emphasis.ScreenCapture.Runtime.Windows.DXGI.OpenCL", "Emphasis.ScreenCapture.Runtime.Windows.DXGI.OpenCL\Emphasis.ScreenCapture.Runtime.Windows.DXGI.OpenCL.csproj", "{7B2575D3-2F8A-468E-AE89-E335C7AAD3B4}"
EndProject
Project("{9A19103F-16F7-4668-BE54-9A1E7A4F7556}") = "Emphasis.OpenCL.Bitmap", "Emphasis.OpenCL.Bitmap\Emphasis.OpenCL.Bitmap.csproj", "{485CA10B-B13F-455B-A415-8A62EF0A2BE8}"
EndProject
Project("{FAE04EC0-301F-11D3-BF4B-00C04F79EFBC}") = "Emphasis.ScreenCapture.Benchmarks", "Emphasis.ScreenCapture.Benchmarks\Emphasis.ScreenCapture.Benchmarks.csproj", "{C800E42B-E649-4EA3-8DF3-09B4DB3BABDF}"
EndProject
Global
	GlobalSection(SolutionConfigurationPlatforms) = preSolution
		Debug|Any CPU = Debug|Any CPU
		Release|Any CPU = Release|Any CPU
	EndGlobalSection
	GlobalSection(ProjectConfigurationPlatforms) = postSolution
		{58D8F62A-AB3D-460D-B30F-F732B251A8FD}.Debug|Any CPU.ActiveCfg = Debug|Any CPU
		{58D8F62A-AB3D-460D-B30F-F732B251A8FD}.Debug|Any CPU.Build.0 = Debug|Any CPU
		{58D8F62A-AB3D-460D-B30F-F732B251A8FD}.Release|Any CPU.ActiveCfg = Release|Any CPU
		{58D8F62A-AB3D-460D-B30F-F732B251A8FD}.Release|Any CPU.Build.0 = Release|Any CPU
		{41C31144-25CC-4CCD-B755-7DC9A2F97598}.Debug|Any CPU.ActiveCfg = Debug|Any CPU
		{41C31144-25CC-4CCD-B755-7DC9A2F97598}.Debug|Any CPU.Build.0 = Debug|Any CPU
		{41C31144-25CC-4CCD-B755-7DC9A2F97598}.Release|Any CPU.ActiveCfg = Release|Any CPU
		{41C31144-25CC-4CCD-B755-7DC9A2F97598}.Release|Any CPU.Build.0 = Release|Any CPU
		{ABD6498A-FF74-4B05-9315-C24A8980F567}.Debug|Any CPU.ActiveCfg = Debug|Any CPU
		{ABD6498A-FF74-4B05-9315-C24A8980F567}.Debug|Any CPU.Build.0 = Debug|Any CPU
		{ABD6498A-FF74-4B05-9315-C24A8980F567}.Release|Any CPU.ActiveCfg = Release|Any CPU
		{ABD6498A-FF74-4B05-9315-C24A8980F567}.Release|Any CPU.Build.0 = Release|Any CPU
		{C90ACA41-8EDE-40C7-81F6-FDB298ABF4DC}.Debug|Any CPU.ActiveCfg = Debug|Any CPU
		{C90ACA41-8EDE-40C7-81F6-FDB298ABF4DC}.Debug|Any CPU.Build.0 = Debug|Any CPU
		{C90ACA41-8EDE-40C7-81F6-FDB298ABF4DC}.Release|Any CPU.ActiveCfg = Release|Any CPU
		{C90ACA41-8EDE-40C7-81F6-FDB298ABF4DC}.Release|Any CPU.Build.0 = Release|Any CPU
		{F40DADE0-7B50-494F-9D5C-CB5A653B3232}.Debug|Any CPU.ActiveCfg = Debug|Any CPU
		{F40DADE0-7B50-494F-9D5C-CB5A653B3232}.Debug|Any CPU.Build.0 = Debug|Any CPU
		{F40DADE0-7B50-494F-9D5C-CB5A653B3232}.Release|Any CPU.ActiveCfg = Release|Any CPU
		{F40DADE0-7B50-494F-9D5C-CB5A653B3232}.Release|Any CPU.Build.0 = Release|Any CPU
		{376515A9-FCA7-460B-9E22-1B05AFF74434}.Debug|Any CPU.ActiveCfg = Debug|Any CPU
		{376515A9-FCA7-460B-9E22-1B05AFF74434}.Debug|Any CPU.Build.0 = Debug|Any CPU
		{376515A9-FCA7-460B-9E22-1B05AFF74434}.Release|Any CPU.ActiveCfg = Release|Any CPU
		{376515A9-FCA7-460B-9E22-1B05AFF74434}.Release|Any CPU.Build.0 = Release|Any CPU
		{B81220C8-EF98-440F-A72D-A5193F5670B8}.Debug|Any CPU.ActiveCfg = Debug|Any CPU
		{B81220C8-EF98-440F-A72D-A5193F5670B8}.Debug|Any CPU.Build.0 = Debug|Any CPU
		{B81220C8-EF98-440F-A72D-A5193F5670B8}.Release|Any CPU.ActiveCfg = Release|Any CPU
		{B81220C8-EF98-440F-A72D-A5193F5670B8}.Release|Any CPU.Build.0 = Release|Any CPU
		{7B2575D3-2F8A-468E-AE89-E335C7AAD3B4}.Debug|Any CPU.ActiveCfg = Debug|Any CPU
		{7B2575D3-2F8A-468E-AE89-E335C7AAD3B4}.Debug|Any CPU.Build.0 = Debug|Any CPU
		{7B2575D3-2F8A-468E-AE89-E335C7AAD3B4}.Release|Any CPU.ActiveCfg = Release|Any CPU
		{7B2575D3-2F8A-468E-AE89-E335C7AAD3B4}.Release|Any CPU.Build.0 = Release|Any CPU
		{485CA10B-B13F-455B-A415-8A62EF0A2BE8}.Debug|Any CPU.ActiveCfg = Debug|Any CPU
		{485CA10B-B13F-455B-A415-8A62EF0A2BE8}.Debug|Any CPU.Build.0 = Debug|Any CPU
		{485CA10B-B13F-455B-A415-8A62EF0A2BE8}.Release|Any CPU.ActiveCfg = Release|Any CPU
		{485CA10B-B13F-455B-A415-8A62EF0A2BE8}.Release|Any CPU.Build.0 = Release|Any CPU
		{C800E42B-E649-4EA3-8DF3-09B4DB3BABDF}.Debug|Any CPU.ActiveCfg = Debug|Any CPU
		{C800E42B-E649-4EA3-8DF3-09B4DB3BABDF}.Debug|Any CPU.Build.0 = Debug|Any CPU
		{C800E42B-E649-4EA3-8DF3-09B4DB3BABDF}.Release|Any CPU.ActiveCfg = Release|Any CPU
		{C800E42B-E649-4EA3-8DF3-09B4DB3BABDF}.Release|Any CPU.Build.0 = Release|Any CPU
	EndGlobalSection
	GlobalSection(SolutionProperties) = preSolution
		HideSolutionNode = FALSE
	EndGlobalSection
	GlobalSection(NestedProjects) = preSolution
		{41C31144-25CC-4CCD-B755-7DC9A2F97598} = {7E494C55-973D-4E95-BD9E-BCC6D0E79D89}
		{C800E42B-E649-4EA3-8DF3-09B4DB3BABDF} = {7E494C55-973D-4E95-BD9E-BCC6D0E79D89}
	EndGlobalSection
	GlobalSection(ExtensibilityGlobals) = postSolution
		SolutionGuid = {403BF554-2884-4050-996C-144B9DE4143F}
	EndGlobalSection
EndGlobal
